
Microsoft Visual Studio Solution File, Format Version 12.00
# Visual Studio Version 16
VisualStudioVersion = 16.0.30804.86
MinimumVisualStudioVersion = 10.0.40219.1
Project("{FAE04EC0-301F-11D3-BF4B-00C04F79EFBC}") = "Minesweeper", "Project_Minesweeper V1.0\Minesweeper.csproj", "{8B308A0D-829E-4CF3-9F5C-B523CA1EA4C0}"
EndProject
Global
	GlobalSection(SolutionConfigurationPlatforms) = preSolution
		Debug|Any CPU = Debug|Any CPU
		Release|Any CPU = Release|Any CPU
	EndGlobalSection
	GlobalSection(ProjectConfigurationPlatforms) = postSolution
		{8B308A0D-829E-4CF3-9F5C-B523CA1EA4C0}.Debug|Any CPU.ActiveCfg = Debug|Any CPU
		{8B308A0D-829E-4CF3-9F5C-B523CA1EA4C0}.Debug|Any CPU.Build.0 = Debug|Any CPU
		{8B308A0D-829E-4CF3-9F5C-B523CA1EA4C0}.Release|Any CPU.ActiveCfg = Release|Any CPU
		{8B308A0D-829E-4CF3-9F5C-B523CA1EA4C0}.Release|Any CPU.Build.0 = Release|Any CPU
	EndGlobalSection
	GlobalSection(SolutionProperties) = preSolution
		HideSolutionNode = FALSE
	EndGlobalSection
	GlobalSection(ExtensibilityGlobals) = postSolution
		SolutionGuid = {F5FEC09F-FFF0-4C3D-AFE7-7277C03D177D}
	EndGlobalSection
EndGlobal
